// !$*UTF8*$!
{
	archiveVersion = 1;
	classes = {
	};
	objectVersion = 50;
	objects = {

/* Begin PBXBuildFile section */
		FA7E2BF323BCDA4300B6EC8F /* AppDelegate.swift in Sources */ = {isa = PBXBuildFile; fileRef = FA7E2BF223BCDA4300B6EC8F /* AppDelegate.swift */; };
		FA7E2BF523BCDA4300B6EC8F /* SceneDelegate.swift in Sources */ = {isa = PBXBuildFile; fileRef = FA7E2BF423BCDA4300B6EC8F /* SceneDelegate.swift */; };
		FA7E2BF723BCDA4300B6EC8F /* ViewController.swift in Sources */ = {isa = PBXBuildFile; fileRef = FA7E2BF623BCDA4300B6EC8F /* ViewController.swift */; };
		FA7E2BFA23BCDA4300B6EC8F /* Main.storyboard in Resources */ = {isa = PBXBuildFile; fileRef = FA7E2BF823BCDA4300B6EC8F /* Main.storyboard */; };
		FA7E2BFD23BCDA4300B6EC8F /* ChatRoom.xcdatamodeld in Sources */ = {isa = PBXBuildFile; fileRef = FA7E2BFB23BCDA4300B6EC8F /* ChatRoom.xcdatamodeld */; };
		FA7E2BFF23BCDA4500B6EC8F /* Assets.xcassets in Resources */ = {isa = PBXBuildFile; fileRef = FA7E2BFE23BCDA4500B6EC8F /* Assets.xcassets */; };
		FA7E2C0223BCDA4500B6EC8F /* LaunchScreen.storyboard in Resources */ = {isa = PBXBuildFile; fileRef = FA7E2C0023BCDA4500B6EC8F /* LaunchScreen.storyboard */; };
/* End PBXBuildFile section */

/* Begin PBXFileReference section */
		FA7E2BEF23BCDA4300B6EC8F /* ChatRoom.app */ = {isa = PBXFileReference; explicitFileType = wrapper.application; includeInIndex = 0; path = ChatRoom.app; sourceTree = BUILT_PRODUCTS_DIR; };
		FA7E2BF223BCDA4300B6EC8F /* AppDelegate.swift */ = {isa = PBXFileReference; lastKnownFileType = sourcecode.swift; path = AppDelegate.swift; sourceTree = "<group>"; };
		FA7E2BF423BCDA4300B6EC8F /* SceneDelegate.swift */ = {isa = PBXFileReference; lastKnownFileType = sourcecode.swift; path = SceneDelegate.swift; sourceTree = "<group>"; };
		FA7E2BF623BCDA4300B6EC8F /* ViewController.swift */ = {isa = PBXFileReference; lastKnownFileType = sourcecode.swift; path = ViewController.swift; sourceTree = "<group>"; };
		FA7E2BF923BCDA4300B6EC8F /* Base */ = {isa = PBXFileReference; lastKnownFileType = file.storyboard; name = Base; path = Base.lproj/Main.storyboard; sourceTree = "<group>"; };
		FA7E2BFC23BCDA4300B6EC8F /* ChatRoom.xcdatamodel */ = {isa = PBXFileReference; lastKnownFileType = wrapper.xcdatamodel; path = ChatRoom.xcdatamodel; sourceTree = "<group>"; };
		FA7E2BFE23BCDA4500B6EC8F /* Assets.xcassets */ = {isa = PBXFileReference; lastKnownFileType = folder.assetcatalog; path = Assets.xcassets; sourceTree = "<group>"; };
		FA7E2C0123BCDA4500B6EC8F /* Base */ = {isa = PBXFileReference; lastKnownFileType = file.storyboard; name = Base; path = Base.lproj/LaunchScreen.storyboard; sourceTree = "<group>"; };
		FA7E2C0323BCDA4500B6EC8F /* Info.plist */ = {isa = PBXFileReference; lastKnownFileType = text.plist.xml; path = Info.plist; sourceTree = "<group>"; };
/* End PBXFileReference section */

/* Begin PBXFrameworksBuildPhase section */
		FA7E2BEC23BCDA4300B6EC8F /* Frameworks */ = {
			isa = PBXFrameworksBuildPhase;
			buildActionMask = 2147483647;
			files = (
			);
			runOnlyForDeploymentPostprocessing = 0;
		};
/* End PBXFrameworksBuildPhase section */

/* Begin PBXGroup section */
		FA7E2BE623BCDA4300B6EC8F = {
			isa = PBXGroup;
			children = (
				FA7E2BF123BCDA4300B6EC8F /* ChatRoom */,
				FA7E2BF023BCDA4300B6EC8F /* Products */,
			);
			sourceTree = "<group>";
		};
		FA7E2BF023BCDA4300B6EC8F /* Products */ = {
			isa = PBXGroup;
			children = (
				FA7E2BEF23BCDA4300B6EC8F /* ChatRoom.app */,
			);
			name = Products;
			sourceTree = "<group>";
		};
		FA7E2BF123BCDA4300B6EC8F /* ChatRoom */ = {
			isa = PBXGroup;
			children = (
				FA7E2BF223BCDA4300B6EC8F /* AppDelegate.swift */,
				FA7E2BF423BCDA4300B6EC8F /* SceneDelegate.swift */,
				FA7E2BF623BCDA4300B6EC8F /* ViewController.swift */,
				FA7E2BF823BCDA4300B6EC8F /* Main.storyboard */,
				FA7E2BFE23BCDA4500B6EC8F /* Assets.xcassets */,
				FA7E2C0023BCDA4500B6EC8F /* LaunchScreen.storyboard */,
				FA7E2C0323BCDA4500B6EC8F /* Info.plist */,
				FA7E2BFB23BCDA4300B6EC8F /* ChatRoom.xcdatamodeld */,
			);
			path = ChatRoom;
			sourceTree = "<group>";
		};
/* End PBXGroup section */

/* Begin PBXNativeTarget section */
		FA7E2BEE23BCDA4300B6EC8F /* ChatRoom */ = {
			isa = PBXNativeTarget;
			buildConfigurationList = FA7E2C0623BCDA4500B6EC8F /* Build configuration list for PBXNativeTarget "ChatRoom" */;
			buildPhases = (
				FA7E2BEB23BCDA4300B6EC8F /* Sources */,
				FA7E2BEC23BCDA4300B6EC8F /* Frameworks */,
				FA7E2BED23BCDA4300B6EC8F /* Resources */,
			);
			buildRules = (
			);
			dependencies = (
			);
			name = ChatRoom;
			productName = ChatRoom;
			productReference = FA7E2BEF23BCDA4300B6EC8F /* ChatRoom.app */;
			productType = "com.apple.product-type.application";
		};
/* End PBXNativeTarget section */

/* Begin PBXProject section */
		FA7E2BE723BCDA4300B6EC8F /* Project object */ = {
			isa = PBXProject;
			attributes = {
				LastSwiftUpdateCheck = 1110;
				LastUpgradeCheck = 1110;
				ORGANIZATIONNAME = Alex;
				TargetAttributes = {
					FA7E2BEE23BCDA4300B6EC8F = {
						CreatedOnToolsVersion = 11.1;
					};
				};
			};
			buildConfigurationList = FA7E2BEA23BCDA4300B6EC8F /* Build configuration list for PBXProject "ChatRoom" */;
			compatibilityVersion = "Xcode 9.3";
			developmentRegion = en;
			hasScannedForEncodings = 0;
			knownRegions = (
				en,
				Base,
			);
			mainGroup = FA7E2BE623BCDA4300B6EC8F;
			productRefGroup = FA7E2BF023BCDA4300B6EC8F /* Products */;
			projectDirPath = "";
			projectRoot = "";
			targets = (
				FA7E2BEE23BCDA4300B6EC8F /* ChatRoom */,
			);
		};
/* End PBXProject section */

/* Begin PBXResourcesBuildPhase section */
		FA7E2BED23BCDA4300B6EC8F /* Resources */ = {
			isa = PBXResourcesBuildPhase;
			buildActionMask = 2147483647;
			files = (
				FA7E2C0223BCDA4500B6EC8F /* LaunchScreen.storyboard in Resources */,
				FA7E2BFF23BCDA4500B6EC8F /* Assets.xcassets in Resources */,
				FA7E2BFA23BCDA4300B6EC8F /* Main.storyboard in Resources */,
			);
			runOnlyForDeploymentPostprocessing = 0;
		};
/* End PBXResourcesBuildPhase section */

/* Begin PBXSourcesBuildPhase section */
		FA7E2BEB23BCDA4300B6EC8F /* Sources */ = {
			isa = PBXSourcesBuildPhase;
			buildActionMask = 2147483647;
			files = (
				FA7E2BF723BCDA4300B6EC8F /* ViewController.swift in Sources */,
				FA7E2BF323BCDA4300B6EC8F /* AppDelegate.swift in Sources */,
				FA7E2BFD23BCDA4300B6EC8F /* ChatRoom.xcdatamodeld in Sources */,
				FA7E2BF523BCDA4300B6EC8F /* SceneDelegate.swift in Sources */,
			);
			runOnlyForDeploymentPostprocessing = 0;
		};
/* End PBXSourcesBuildPhase section */

/* Begin PBXVariantGroup section */
		FA7E2BF823BCDA4300B6EC8F /* Main.storyboard */ = {
			isa = PBXVariantGroup;
			children = (
				FA7E2BF923BCDA4300B6EC8F /* Base */,
			);
			name = Main.storyboard;
			sourceTree = "<group>";
		};
		FA7E2C0023BCDA4500B6EC8F /* LaunchScreen.storyboard */ = {
			isa = PBXVariantGroup;
			children = (
				FA7E2C0123BCDA4500B6EC8F /* Base */,
			);
			name = LaunchScreen.storyboard;
			sourceTree = "<group>";
		};
/* End PBXVariantGroup section */

/* Begin XCBuildConfiguration section */
		FA7E2C0423BCDA4500B6EC8F /* Debug */ = {
			isa = XCBuildConfiguration;
			buildSettings = {
				ALWAYS_SEARCH_USER_PATHS = NO;
				CLANG_ANALYZER_NONNULL = YES;
				CLANG_ANALYZER_NUMBER_OBJECT_CONVERSION = YES_AGGRESSIVE;
				CLANG_CXX_LANGUAGE_STANDARD = "gnu++14";
				CLANG_CXX_LIBRARY = "libc++";
				CLANG_ENABLE_MODULES = YES;
				CLANG_ENABLE_OBJC_ARC = YES;
				CLANG_ENABLE_OBJC_WEAK = YES;
				CLANG_WARN_BLOCK_CAPTURE_AUTORELEASING = YES;
				CLANG_WARN_BOOL_CONVERSION = YES;
				CLANG_WARN_COMMA = YES;
				CLANG_WARN_CONSTANT_CONVERSION = YES;
				CLANG_WARN_DEPRECATED_OBJC_IMPLEMENTATIONS = YES;
				CLANG_WARN_DIRECT_OBJC_ISA_USAGE = YES_ERROR;
				CLANG_WARN_DOCUMENTATION_COMMENTS = YES;
				CLANG_WARN_EMPTY_BODY = YES;
				CLANG_WARN_ENUM_CONVERSION = YES;
				CLANG_WARN_INFINITE_RECURSION = YES;
				CLANG_WARN_INT_CONVERSION = YES;
				CLANG_WARN_NON_LITERAL_NULL_CONVERSION = YES;
				CLANG_WARN_OBJC_IMPLICIT_RETAIN_SELF = YES;
				CLANG_WARN_OBJC_LITERAL_CONVERSION = YES;
				CLANG_WARN_OBJC_ROOT_CLASS = YES_ERROR;
				CLANG_WARN_RANGE_LOOP_ANALYSIS = YES;
				CLANG_WARN_STRICT_PROTOTYPES = YES;
				CLANG_WARN_SUSPICIOUS_MOVE = YES;
				CLANG_WARN_UNGUARDED_AVAILABILITY = YES_AGGRESSIVE;
				CLANG_WARN_UNREACHABLE_CODE = YES;
				CLANG_WARN__DUPLICATE_METHOD_MATCH = YES;
				COPY_PHASE_STRIP = NO;
				DEBUG_INFORMATION_FORMAT = dwarf;
				ENABLE_STRICT_OBJC_MSGSEND = YES;
				ENABLE_TESTABILITY = YES;
				GCC_C_LANGUAGE_STANDARD = gnu11;
				GCC_DYNAMIC_NO_PIC = NO;
				GCC_NO_COMMON_BLOCKS = YES;
				GCC_OPTIMIZATION_LEVEL = 0;
				GCC_PREPROCESSOR_DEFINITIONS = (
					"DEBUG=1",
					"$(inherited)",
				);
				GCC_WARN_64_TO_32_BIT_CONVERSION = YES;
				GCC_WARN_ABOUT_RETURN_TYPE = YES_ERROR;
				GCC_WARN_UNDECLARED_SELECTOR = YES;
				GCC_WARN_UNINITIALIZED_AUTOS = YES_AGGRESSIVE;
				GCC_WARN_UNUSED_FUNCTION = YES;
				GCC_WARN_UNUSED_VARIABLE = YES;
				IPHONEOS_DEPLOYMENT_TARGET = 13.1;
				MTL_ENABLE_DEBUG_INFO = INCLUDE_SOURCE;
				MTL_FAST_MATH = YES;
				ONLY_ACTIVE_ARCH = YES;
				SDKROOT = iphoneos;
				SWIFT_ACTIVE_COMPILATION_CONDITIONS = DEBUG;
				SWIFT_OPTIMIZATION_LEVEL = "-Onone";
			};
			name = Debug;
		};
		FA7E2C0523BCDA4500B6EC8F /* Release */ = {
			isa = XCBuildConfiguration;
			buildSettings = {
				ALWAYS_SEARCH_USER_PATHS = NO;
				CLANG_ANALYZER_NONNULL = YES;
				CLANG_ANALYZER_NUMBER_OBJECT_CONVERSION = YES_AGGRESSIVE;
				CLANG_CXX_LANGUAGE_STANDARD = "gnu++14";
				CLANG_CXX_LIBRARY = "libc++";
				CLANG_ENABLE_MODULES = YES;
				CLANG_ENABLE_OBJC_ARC = YES;
				CLANG_ENABLE_OBJC_WEAK = YES;
				CLANG_WARN_BLOCK_CAPTURE_AUTORELEASING = YES;
				CLANG_WARN_BOOL_CONVERSION = YES;
				CLANG_WARN_COMMA = YES;
				CLANG_WARN_CONSTANT_CONVERSION = YES;
				CLANG_WARN_DEPRECATED_OBJC_IMPLEMENTATIONS = YES;
				CLANG_WARN_DIRECT_OBJC_ISA_USAGE = YES_ERROR;
				CLANG_WARN_DOCUMENTATION_COMMENTS = YES;
				CLANG_WARN_EMPTY_BODY = YES;
				CLANG_WARN_ENUM_CONVERSION = YES;
				CLANG_WARN_INFINITE_RECURSION = YES;
				CLANG_WARN_INT_CONVERSION = YES;
				CLANG_WARN_NON_LITERAL_NULL_CONVERSION = YES;
				CLANG_WARN_OBJC_IMPLICIT_RETAIN_SELF = YES;
				CLANG_WARN_OBJC_LITERAL_CONVERSION = YES;
				CLANG_WARN_OBJC_ROOT_CLASS = YES_ERROR;
				CLANG_WARN_RANGE_LOOP_ANALYSIS = YES;
				CLANG_WARN_STRICT_PROTOTYPES = YES;
				CLANG_WARN_SUSPICIOUS_MOVE = YES;
				CLANG_WARN_UNGUARDED_AVAILABILITY = YES_AGGRESSIVE;
				CLANG_WARN_UNREACHABLE_CODE = YES;
				CLANG_WARN__DUPLICATE_METHOD_MATCH = YES;
				COPY_PHASE_STRIP = NO;
				DEBUG_INFORMATION_FORMAT = "dwarf-with-dsym";
				ENABLE_NS_ASSERTIONS = NO;
				ENABLE_STRICT_OBJC_MSGSEND = YES;
				GCC_C_LANGUAGE_STANDARD = gnu11;
				GCC_NO_COMMON_BLOCKS = YES;
				GCC_WARN_64_TO_32_BIT_CONVERSION = YES;
				GCC_WARN_ABOUT_RETURN_TYPE = YES_ERROR;
				GCC_WARN_UNDECLARED_SELECTOR = YES;
				GCC_WARN_UNINITIALIZED_AUTOS = YES_AGGRESSIVE;
				GCC_WARN_UNUSED_FUNCTION = YES;
				GCC_WARN_UNUSED_VARIABLE = YES;
				IPHONEOS_DEPLOYMENT_TARGET = 13.1;
				MTL_ENABLE_DEBUG_INFO = NO;
				MTL_FAST_MATH = YES;
				SDKROOT = iphoneos;
				SWIFT_COMPILATION_MODE = wholemodule;
				SWIFT_OPTIMIZATION_LEVEL = "-O";
				VALIDATE_PRODUCT = YES;
			};
			name = Release;
		};
		FA7E2C0723BCDA4500B6EC8F /* Debug */ = {
			isa = XCBuildConfiguration;
			buildSettings = {
				ASSETCATALOG_COMPILER_APPICON_NAME = AppIcon;
				CODE_SIGN_STYLE = Automatic;
				DEVELOPMENT_TEAM = CWCTLCYKBW;
				INFOPLIST_FILE = ChatRoom/Info.plist;
				LD_RUNPATH_SEARCH_PATHS = (
					"$(inherited)",
					"@executable_path/Frameworks",
				);
				PRODUCT_BUNDLE_IDENTIFIER = Alex.ChatRoom;
				PRODUCT_NAME = "$(TARGET_NAME)";
				SWIFT_VERSION = 5.0;
				TARGETED_DEVICE_FAMILY = "1,2";
			};
			name = Debug;
		};
		FA7E2C0823BCDA4500B6EC8F /* Release */ = {
			isa = XCBuildConfiguration;
			buildSettings = {
				ASSETCATALOG_COMPILER_APPICON_NAME = AppIcon;
				CODE_SIGN_STYLE = Automatic;
				DEVELOPMENT_TEAM = CWCTLCYKBW;
				INFOPLIST_FILE = ChatRoom/Info.plist;
				LD_RUNPATH_SEARCH_PATHS = (
					"$(inherited)",
					"@executable_path/Frameworks",
				);
				PRODUCT_BUNDLE_IDENTIFIER = Alex.ChatRoom;
				PRODUCT_NAME = "$(TARGET_NAME)";
				SWIFT_VERSION = 5.0;
				TARGETED_DEVICE_FAMILY = "1,2";
			};
			name = Release;
		};
/* End XCBuildConfiguration section */

/* Begin XCConfigurationList section */
		FA7E2BEA23BCDA4300B6EC8F /* Build configuration list for PBXProject "ChatRoom" */ = {
			isa = XCConfigurationList;
			buildConfigurations = (
				FA7E2C0423BCDA4500B6EC8F /* Debug */,
				FA7E2C0523BCDA4500B6EC8F /* Release */,
			);
			defaultConfigurationIsVisible = 0;
			defaultConfigurationName = Release;
		};
		FA7E2C0623BCDA4500B6EC8F /* Build configuration list for PBXNativeTarget "ChatRoom" */ = {
			isa = XCConfigurationList;
			buildConfigurations = (
				FA7E2C0723BCDA4500B6EC8F /* Debug */,
				FA7E2C0823BCDA4500B6EC8F /* Release */,
			);
			defaultConfigurationIsVisible = 0;
			defaultConfigurationName = Release;
		};
/* End XCConfigurationList section */

/* Begin XCVersionGroup section */
		FA7E2BFB23BCDA4300B6EC8F /* ChatRoom.xcdatamodeld */ = {
			isa = XCVersionGroup;
			children = (
				FA7E2BFC23BCDA4300B6EC8F /* ChatRoom.xcdatamodel */,
			);
			currentVersion = FA7E2BFC23BCDA4300B6EC8F /* ChatRoom.xcdatamodel */;
			path = ChatRoom.xcdatamodeld;
			sourceTree = "<group>";
			versionGroupType = wrapper.xcdatamodel;
		};
/* End XCVersionGroup section */
	};
	rootObject = FA7E2BE723BCDA4300B6EC8F /* Project object */;
}
