// !$*UTF8*$!
{
	archiveVersion = 1;
	classes = {
	};
	objectVersion = 51;
	objects = {

/* Begin PBXBuildFile section */
		516B2BAAA9B402A2F33650B5 /* Pods_ChatRoom.framework in Frameworks */ = {isa = PBXBuildFile; fileRef = 8E2353A5A188090E98C31618 /* Pods_ChatRoom.framework */; };
		FA3900BE23CDFBB700CB9B20 /* SpeechRecognition.swift in Sources */ = {isa = PBXBuildFile; fileRef = FA3900BD23CDFBB700CB9B20 /* SpeechRecognition.swift */; };
		FA7E2BF323BCDA4300B6EC8F /* AppDelegate.swift in Sources */ = {isa = PBXBuildFile; fileRef = FA7E2BF223BCDA4300B6EC8F /* AppDelegate.swift */; };
		FA7E2BF523BCDA4300B6EC8F /* SceneDelegate.swift in Sources */ = {isa = PBXBuildFile; fileRef = FA7E2BF423BCDA4300B6EC8F /* SceneDelegate.swift */; };
		FA7E2BF723BCDA4300B6EC8F /* ChatRoomViewController.swift in Sources */ = {isa = PBXBuildFile; fileRef = FA7E2BF623BCDA4300B6EC8F /* ChatRoomViewController.swift */; };
		FA7E2BFD23BCDA4300B6EC8F /* ChatRoom.xcdatamodeld in Sources */ = {isa = PBXBuildFile; fileRef = FA7E2BFB23BCDA4300B6EC8F /* ChatRoom.xcdatamodeld */; };
		FA7E2BFF23BCDA4500B6EC8F /* Assets.xcassets in Resources */ = {isa = PBXBuildFile; fileRef = FA7E2BFE23BCDA4500B6EC8F /* Assets.xcassets */; };
		FA7E2C0223BCDA4500B6EC8F /* LaunchScreen.storyboard in Resources */ = {isa = PBXBuildFile; fileRef = FA7E2C0023BCDA4500B6EC8F /* LaunchScreen.storyboard */; };
		FA7E2C0C23BCDD6B00B6EC8F /* Message.swift in Sources */ = {isa = PBXBuildFile; fileRef = FA7E2C0B23BCDD6B00B6EC8F /* Message.swift */; };
		FA7E2C0E23BCDD9600B6EC8F /* MessageTableViewCell.swift in Sources */ = {isa = PBXBuildFile; fileRef = FA7E2C0D23BCDD9600B6EC8F /* MessageTableViewCell.swift */; };
		FA7E2C1123BD07D900B6EC8F /* Utilities.swift in Sources */ = {isa = PBXBuildFile; fileRef = FA7E2C1023BD07D900B6EC8F /* Utilities.swift */; };
		FA7E2C1323BE3B9B00B6EC8F /* YandexSansText-Regular.ttf in Resources */ = {isa = PBXBuildFile; fileRef = FA7E2C1223BE3B9B00B6EC8F /* YandexSansText-Regular.ttf */; };
		FA7E2C1523BE3C7400B6EC8F /* YandexSansText-Medium.ttf in Resources */ = {isa = PBXBuildFile; fileRef = FA7E2C1423BE3C7400B6EC8F /* YandexSansText-Medium.ttf */; };
		FA8F950423BE44E0005C0097 /* Label.swift in Sources */ = {isa = PBXBuildFile; fileRef = FA8F950323BE44E0005C0097 /* Label.swift */; };
		FA8F950623BF4358005C0097 /* MessageInputView.swift in Sources */ = {isa = PBXBuildFile; fileRef = FA8F950523BF4358005C0097 /* MessageInputView.swift */; };
		FA8F950A23C0BD27005C0097 /* LanguagesViewController.swift in Sources */ = {isa = PBXBuildFile; fileRef = FA8F950923C0BD27005C0097 /* LanguagesViewController.swift */; };
		FA8F950C23C0CF50005C0097 /* InputViewPair.swift in Sources */ = {isa = PBXBuildFile; fileRef = FA8F950B23C0CF50005C0097 /* InputViewPair.swift */; };
		FA8F950F23C0DE84005C0097 /* MessageInputViewModel.swift in Sources */ = {isa = PBXBuildFile; fileRef = FA8F950E23C0DE84005C0097 /* MessageInputViewModel.swift */; };
		FA8F951123C1F034005C0097 /* InputPairViewModel.swift in Sources */ = {isa = PBXBuildFile; fileRef = FA8F951023C1F034005C0097 /* InputPairViewModel.swift */; };
		FA8F951323C22781005C0097 /* TranslationInputViewModel.swift in Sources */ = {isa = PBXBuildFile; fileRef = FA8F951223C22781005C0097 /* TranslationInputViewModel.swift */; };
		FA8F951523C3CFF6005C0097 /* ChatService.swift in Sources */ = {isa = PBXBuildFile; fileRef = FA8F951423C3CFF6005C0097 /* ChatService.swift */; };
		FA8F951723C3D367005C0097 /* APIManager.swift in Sources */ = {isa = PBXBuildFile; fileRef = FA8F951623C3D367005C0097 /* APIManager.swift */; };
		FAE529D323C3D96500980197 /* TranslationRequest.swift in Sources */ = {isa = PBXBuildFile; fileRef = FAE529D223C3D96500980197 /* TranslationRequest.swift */; };
/* End PBXBuildFile section */

/* Begin PBXFileReference section */
		8810EDF0386225D3C654B35B /* Pods-ChatRoom.debug.xcconfig */ = {isa = PBXFileReference; includeInIndex = 1; lastKnownFileType = text.xcconfig; name = "Pods-ChatRoom.debug.xcconfig"; path = "Target Support Files/Pods-ChatRoom/Pods-ChatRoom.debug.xcconfig"; sourceTree = "<group>"; };
		8E2353A5A188090E98C31618 /* Pods_ChatRoom.framework */ = {isa = PBXFileReference; explicitFileType = wrapper.framework; includeInIndex = 0; path = Pods_ChatRoom.framework; sourceTree = BUILT_PRODUCTS_DIR; };
		9D357B6011848AFF7CA1DE4D /* Pods-ChatRoom.release.xcconfig */ = {isa = PBXFileReference; includeInIndex = 1; lastKnownFileType = text.xcconfig; name = "Pods-ChatRoom.release.xcconfig"; path = "Target Support Files/Pods-ChatRoom/Pods-ChatRoom.release.xcconfig"; sourceTree = "<group>"; };
		FA3900BD23CDFBB700CB9B20 /* SpeechRecognition.swift */ = {isa = PBXFileReference; lastKnownFileType = sourcecode.swift; path = SpeechRecognition.swift; sourceTree = "<group>"; };
		FA7E2BEF23BCDA4300B6EC8F /* ChatRoom.app */ = {isa = PBXFileReference; explicitFileType = wrapper.application; includeInIndex = 0; path = ChatRoom.app; sourceTree = BUILT_PRODUCTS_DIR; };
		FA7E2BF223BCDA4300B6EC8F /* AppDelegate.swift */ = {isa = PBXFileReference; lastKnownFileType = sourcecode.swift; path = AppDelegate.swift; sourceTree = "<group>"; };
		FA7E2BF423BCDA4300B6EC8F /* SceneDelegate.swift */ = {isa = PBXFileReference; lastKnownFileType = sourcecode.swift; path = SceneDelegate.swift; sourceTree = "<group>"; };
		FA7E2BF623BCDA4300B6EC8F /* ChatRoomViewController.swift */ = {isa = PBXFileReference; lastKnownFileType = sourcecode.swift; path = ChatRoomViewController.swift; sourceTree = "<group>"; };
		FA7E2BFC23BCDA4300B6EC8F /* ChatRoom.xcdatamodel */ = {isa = PBXFileReference; lastKnownFileType = wrapper.xcdatamodel; path = ChatRoom.xcdatamodel; sourceTree = "<group>"; };
		FA7E2BFE23BCDA4500B6EC8F /* Assets.xcassets */ = {isa = PBXFileReference; lastKnownFileType = folder.assetcatalog; path = Assets.xcassets; sourceTree = "<group>"; };
		FA7E2C0123BCDA4500B6EC8F /* Base */ = {isa = PBXFileReference; lastKnownFileType = file.storyboard; name = Base; path = Base.lproj/LaunchScreen.storyboard; sourceTree = "<group>"; };
		FA7E2C0323BCDA4500B6EC8F /* Info.plist */ = {isa = PBXFileReference; lastKnownFileType = text.plist.xml; path = Info.plist; sourceTree = "<group>"; };
		FA7E2C0B23BCDD6B00B6EC8F /* Message.swift */ = {isa = PBXFileReference; lastKnownFileType = sourcecode.swift; path = Message.swift; sourceTree = "<group>"; };
		FA7E2C0D23BCDD9600B6EC8F /* MessageTableViewCell.swift */ = {isa = PBXFileReference; lastKnownFileType = sourcecode.swift; path = MessageTableViewCell.swift; sourceTree = "<group>"; };
		FA7E2C1023BD07D900B6EC8F /* Utilities.swift */ = {isa = PBXFileReference; lastKnownFileType = sourcecode.swift; path = Utilities.swift; sourceTree = "<group>"; };
		FA7E2C1223BE3B9B00B6EC8F /* YandexSansText-Regular.ttf */ = {isa = PBXFileReference; lastKnownFileType = file; path = "YandexSansText-Regular.ttf"; sourceTree = "<group>"; };
		FA7E2C1423BE3C7400B6EC8F /* YandexSansText-Medium.ttf */ = {isa = PBXFileReference; lastKnownFileType = file; path = "YandexSansText-Medium.ttf"; sourceTree = "<group>"; };
		FA8F950323BE44E0005C0097 /* Label.swift */ = {isa = PBXFileReference; lastKnownFileType = sourcecode.swift; path = Label.swift; sourceTree = "<group>"; };
		FA8F950523BF4358005C0097 /* MessageInputView.swift */ = {isa = PBXFileReference; lastKnownFileType = sourcecode.swift; path = MessageInputView.swift; sourceTree = "<group>"; };
		FA8F950923C0BD27005C0097 /* LanguagesViewController.swift */ = {isa = PBXFileReference; lastKnownFileType = sourcecode.swift; path = LanguagesViewController.swift; sourceTree = "<group>"; };
		FA8F950B23C0CF50005C0097 /* InputViewPair.swift */ = {isa = PBXFileReference; lastKnownFileType = sourcecode.swift; path = InputViewPair.swift; sourceTree = "<group>"; };
		FA8F950E23C0DE84005C0097 /* MessageInputViewModel.swift */ = {isa = PBXFileReference; lastKnownFileType = sourcecode.swift; path = MessageInputViewModel.swift; sourceTree = "<group>"; };
		FA8F951023C1F034005C0097 /* InputPairViewModel.swift */ = {isa = PBXFileReference; lastKnownFileType = sourcecode.swift; path = InputPairViewModel.swift; sourceTree = "<group>"; };
		FA8F951223C22781005C0097 /* TranslationInputViewModel.swift */ = {isa = PBXFileReference; lastKnownFileType = sourcecode.swift; path = TranslationInputViewModel.swift; sourceTree = "<group>"; };
		FA8F951423C3CFF6005C0097 /* ChatService.swift */ = {isa = PBXFileReference; lastKnownFileType = sourcecode.swift; path = ChatService.swift; sourceTree = "<group>"; };
		FA8F951623C3D367005C0097 /* APIManager.swift */ = {isa = PBXFileReference; lastKnownFileType = sourcecode.swift; path = APIManager.swift; sourceTree = "<group>"; };
		FAE529D223C3D96500980197 /* TranslationRequest.swift */ = {isa = PBXFileReference; lastKnownFileType = sourcecode.swift; path = TranslationRequest.swift; sourceTree = "<group>"; };
/* End PBXFileReference section */

/* Begin PBXFrameworksBuildPhase section */
		FA7E2BEC23BCDA4300B6EC8F /* Frameworks */ = {
			isa = PBXFrameworksBuildPhase;
			buildActionMask = 2147483647;
			files = (
				516B2BAAA9B402A2F33650B5 /* Pods_ChatRoom.framework in Frameworks */,
			);
			runOnlyForDeploymentPostprocessing = 0;
		};
/* End PBXFrameworksBuildPhase section */

/* Begin PBXGroup section */
		93823C95BA4303841DE3004E /* Pods */ = {
			isa = PBXGroup;
			children = (
				8810EDF0386225D3C654B35B /* Pods-ChatRoom.debug.xcconfig */,
				9D357B6011848AFF7CA1DE4D /* Pods-ChatRoom.release.xcconfig */,
			);
			path = Pods;
			sourceTree = "<group>";
		};
		BAEE12BACD4FEBDC36E36F10 /* Frameworks */ = {
			isa = PBXGroup;
			children = (
				8E2353A5A188090E98C31618 /* Pods_ChatRoom.framework */,
			);
			name = Frameworks;
			sourceTree = "<group>";
		};
		FA3900BC23CC672E00CB9B20 /* Other */ = {
			isa = PBXGroup;
			children = (
				FA7E2C1223BE3B9B00B6EC8F /* YandexSansText-Regular.ttf */,
				FA7E2C1423BE3C7400B6EC8F /* YandexSansText-Medium.ttf */,
				FA7E2BFB23BCDA4300B6EC8F /* ChatRoom.xcdatamodeld */,
			);
			path = Other;
			sourceTree = "<group>";
		};
		FA7E2BE623BCDA4300B6EC8F = {
			isa = PBXGroup;
			children = (
				FA7E2BF123BCDA4300B6EC8F /* ChatRoom */,
				FA7E2BF023BCDA4300B6EC8F /* Products */,
				93823C95BA4303841DE3004E /* Pods */,
				BAEE12BACD4FEBDC36E36F10 /* Frameworks */,
			);
			sourceTree = "<group>";
		};
		FA7E2BF023BCDA4300B6EC8F /* Products */ = {
			isa = PBXGroup;
			children = (
				FA7E2BEF23BCDA4300B6EC8F /* ChatRoom.app */,
			);
			name = Products;
			sourceTree = "<group>";
		};
		FA7E2BF123BCDA4300B6EC8F /* ChatRoom */ = {
			isa = PBXGroup;
			children = (
				FA8F950823C0BCC9005C0097 /* Chat */,
				FA7E2BF223BCDA4300B6EC8F /* AppDelegate.swift */,
				FA8F950923C0BD27005C0097 /* LanguagesViewController.swift */,
				FA7E2BF423BCDA4300B6EC8F /* SceneDelegate.swift */,
				FA7E2BFE23BCDA4500B6EC8F /* Assets.xcassets */,
				FA7E2C0023BCDA4500B6EC8F /* LaunchScreen.storyboard */,
				FA7E2C0323BCDA4500B6EC8F /* Info.plist */,
				FA3900BC23CC672E00CB9B20 /* Other */,
				FA7E2C1023BD07D900B6EC8F /* Utilities.swift */,
			);
			path = ChatRoom;
			sourceTree = "<group>";
		};
		FA7E2C0A23BCDD5E00B6EC8F /* Models */ = {
			isa = PBXGroup;
			children = (
				FA7E2C0B23BCDD6B00B6EC8F /* Message.swift */,
				FAE529D223C3D96500980197 /* TranslationRequest.swift */,
			);
			path = Models;
			sourceTree = "<group>";
		};
		FA7E2C0F23BCDFDC00B6EC8F /* VIews */ = {
			isa = PBXGroup;
			children = (
				FA8F950B23C0CF50005C0097 /* InputViewPair.swift */,
				FA7E2C0D23BCDD9600B6EC8F /* MessageTableViewCell.swift */,
				FA8F950523BF4358005C0097 /* MessageInputView.swift */,
				FA8F950323BE44E0005C0097 /* Label.swift */,
			);
			path = VIews;
			sourceTree = "<group>";
		};
		FA8F950823C0BCC9005C0097 /* Chat */ = {
			isa = PBXGroup;
			children = (
				FA8F950D23C0DE68005C0097 /* VIewModels */,
				FA7E2C0F23BCDFDC00B6EC8F /* VIews */,
				FA7E2C0A23BCDD5E00B6EC8F /* Models */,
				FA7E2BF623BCDA4300B6EC8F /* ChatRoomViewController.swift */,
				FA8F951423C3CFF6005C0097 /* ChatService.swift */,
				FA8F951823C3D68C005C0097 /* API */,
			);
			path = Chat;
			sourceTree = "<group>";
		};
		FA8F950D23C0DE68005C0097 /* VIewModels */ = {
			isa = PBXGroup;
			children = (
				FA8F950E23C0DE84005C0097 /* MessageInputViewModel.swift */,
				FA8F951023C1F034005C0097 /* InputPairViewModel.swift */,
				FA8F951223C22781005C0097 /* TranslationInputViewModel.swift */,
				FA3900BD23CDFBB700CB9B20 /* SpeechRecognition.swift */,
			);
			path = VIewModels;
			sourceTree = "<group>";
		};
		FA8F951823C3D68C005C0097 /* API */ = {
			isa = PBXGroup;
			children = (
				FA8F951623C3D367005C0097 /* APIManager.swift */,
			);
			path = API;
			sourceTree = "<group>";
		};
/* End PBXGroup section */

/* Begin PBXNativeTarget section */
		FA7E2BEE23BCDA4300B6EC8F /* ChatRoom */ = {
			isa = PBXNativeTarget;
			buildConfigurationList = FA7E2C0623BCDA4500B6EC8F /* Build configuration list for PBXNativeTarget "ChatRoom" */;
			buildPhases = (
				0B44EEF1B7FBF2A3F7DCABFB /* [CP] Check Pods Manifest.lock */,
				FA7E2BEB23BCDA4300B6EC8F /* Sources */,
				FA7E2BEC23BCDA4300B6EC8F /* Frameworks */,
				FA7E2BED23BCDA4300B6EC8F /* Resources */,
				E121494F28093F7D5E130804 /* [CP] Embed Pods Frameworks */,
			);
			buildRules = (
			);
			dependencies = (
			);
			name = ChatRoom;
			productName = ChatRoom;
			productReference = FA7E2BEF23BCDA4300B6EC8F /* ChatRoom.app */;
			productType = "com.apple.product-type.application";
		};
/* End PBXNativeTarget section */

/* Begin PBXProject section */
		FA7E2BE723BCDA4300B6EC8F /* Project object */ = {
			isa = PBXProject;
			attributes = {
				LastSwiftUpdateCheck = 1110;
				LastUpgradeCheck = 1110;
				ORGANIZATIONNAME = Alex;
				TargetAttributes = {
					FA7E2BEE23BCDA4300B6EC8F = {
						CreatedOnToolsVersion = 11.1;
					};
				};
			};
			buildConfigurationList = FA7E2BEA23BCDA4300B6EC8F /* Build configuration list for PBXProject "ChatRoom" */;
			compatibilityVersion = "Xcode 9.3";
			developmentRegion = en;
			hasScannedForEncodings = 0;
			knownRegions = (
				en,
				Base,
			);
			mainGroup = FA7E2BE623BCDA4300B6EC8F;
			productRefGroup = FA7E2BF023BCDA4300B6EC8F /* Products */;
			projectDirPath = "";
			projectRoot = "";
			targets = (
				FA7E2BEE23BCDA4300B6EC8F /* ChatRoom */,
			);
		};
/* End PBXProject section */

/* Begin PBXResourcesBuildPhase section */
		FA7E2BED23BCDA4300B6EC8F /* Resources */ = {
			isa = PBXResourcesBuildPhase;
			buildActionMask = 2147483647;
			files = (
				FA7E2C0223BCDA4500B6EC8F /* LaunchScreen.storyboard in Resources */,
				FA7E2C1323BE3B9B00B6EC8F /* YandexSansText-Regular.ttf in Resources */,
				FA7E2C1523BE3C7400B6EC8F /* YandexSansText-Medium.ttf in Resources */,
				FA7E2BFF23BCDA4500B6EC8F /* Assets.xcassets in Resources */,
			);
			runOnlyForDeploymentPostprocessing = 0;
		};
/* End PBXResourcesBuildPhase section */

/* Begin PBXShellScriptBuildPhase section */
		0B44EEF1B7FBF2A3F7DCABFB /* [CP] Check Pods Manifest.lock */ = {
			isa = PBXShellScriptBuildPhase;
			buildActionMask = 2147483647;
			files = (
			);
			inputFileListPaths = (
			);
			inputPaths = (
				"${PODS_PODFILE_DIR_PATH}/Podfile.lock",
				"${PODS_ROOT}/Manifest.lock",
			);
			name = "[CP] Check Pods Manifest.lock";
			outputFileListPaths = (
			);
			outputPaths = (
				"$(DERIVED_FILE_DIR)/Pods-ChatRoom-checkManifestLockResult.txt",
			);
			runOnlyForDeploymentPostprocessing = 0;
			shellPath = /bin/sh;
			shellScript = "diff \"${PODS_PODFILE_DIR_PATH}/Podfile.lock\" \"${PODS_ROOT}/Manifest.lock\" > /dev/null\nif [ $? != 0 ] ; then\n    # print error to STDERR\n    echo \"error: The sandbox is not in sync with the Podfile.lock. Run 'pod install' or update your CocoaPods installation.\" >&2\n    exit 1\nfi\n# This output is used by Xcode 'outputs' to avoid re-running this script phase.\necho \"SUCCESS\" > \"${SCRIPT_OUTPUT_FILE_0}\"\n";
			showEnvVarsInLog = 0;
		};
		E121494F28093F7D5E130804 /* [CP] Embed Pods Frameworks */ = {
			isa = PBXShellScriptBuildPhase;
			buildActionMask = 2147483647;
			files = (
			);
			inputFileListPaths = (
				"${PODS_ROOT}/Target Support Files/Pods-ChatRoom/Pods-ChatRoom-frameworks-${CONFIGURATION}-input-files.xcfilelist",
			);
			name = "[CP] Embed Pods Frameworks";
			outputFileListPaths = (
				"${PODS_ROOT}/Target Support Files/Pods-ChatRoom/Pods-ChatRoom-frameworks-${CONFIGURATION}-output-files.xcfilelist",
			);
			runOnlyForDeploymentPostprocessing = 0;
			shellPath = /bin/sh;
			shellScript = "\"${PODS_ROOT}/Target Support Files/Pods-ChatRoom/Pods-ChatRoom-frameworks.sh\"\n";
			showEnvVarsInLog = 0;
		};
/* End PBXShellScriptBuildPhase section */

/* Begin PBXSourcesBuildPhase section */
		FA7E2BEB23BCDA4300B6EC8F /* Sources */ = {
			isa = PBXSourcesBuildPhase;
			buildActionMask = 2147483647;
			files = (
				FA8F951723C3D367005C0097 /* APIManager.swift in Sources */,
				FA8F950C23C0CF50005C0097 /* InputViewPair.swift in Sources */,
				FA7E2BF723BCDA4300B6EC8F /* ChatRoomViewController.swift in Sources */,
				FA7E2BF323BCDA4300B6EC8F /* AppDelegate.swift in Sources */,
				FA7E2C1123BD07D900B6EC8F /* Utilities.swift in Sources */,
				FA7E2C0C23BCDD6B00B6EC8F /* Message.swift in Sources */,
				FA7E2BFD23BCDA4300B6EC8F /* ChatRoom.xcdatamodeld in Sources */,
				FA7E2BF523BCDA4300B6EC8F /* SceneDelegate.swift in Sources */,
				FAE529D323C3D96500980197 /* TranslationRequest.swift in Sources */,
				FA8F950423BE44E0005C0097 /* Label.swift in Sources */,
				FA8F951523C3CFF6005C0097 /* ChatService.swift in Sources */,
				FA7E2C0E23BCDD9600B6EC8F /* MessageTableViewCell.swift in Sources */,
				FA8F950A23C0BD27005C0097 /* LanguagesViewController.swift in Sources */,
				FA3900BE23CDFBB700CB9B20 /* SpeechRecognition.swift in Sources */,
				FA8F950623BF4358005C0097 /* MessageInputView.swift in Sources */,
				FA8F951123C1F034005C0097 /* InputPairViewModel.swift in Sources */,
				FA8F950F23C0DE84005C0097 /* MessageInputViewModel.swift in Sources */,
				FA8F951323C22781005C0097 /* TranslationInputViewModel.swift in Sources */,
			);
			runOnlyForDeploymentPostprocessing = 0;
		};
/* End PBXSourcesBuildPhase section */

/* Begin PBXVariantGroup section */
		FA7E2C0023BCDA4500B6EC8F /* LaunchScreen.storyboard */ = {
			isa = PBXVariantGroup;
			children = (
				FA7E2C0123BCDA4500B6EC8F /* Base */,
			);
			name = LaunchScreen.storyboard;
			sourceTree = "<group>";
		};
/* End PBXVariantGroup section */

/* Begin XCBuildConfiguration section */
		FA7E2C0423BCDA4500B6EC8F /* Debug */ = {
			isa = XCBuildConfiguration;
			buildSettings = {
				ALWAYS_SEARCH_USER_PATHS = NO;
				CLANG_ANALYZER_NONNULL = YES;
				CLANG_ANALYZER_NUMBER_OBJECT_CONVERSION = YES_AGGRESSIVE;
				CLANG_CXX_LANGUAGE_STANDARD = "gnu++14";
				CLANG_CXX_LIBRARY = "libc++";
				CLANG_ENABLE_MODULES = YES;
				CLANG_ENABLE_OBJC_ARC = YES;
				CLANG_ENABLE_OBJC_WEAK = YES;
				CLANG_WARN_BLOCK_CAPTURE_AUTORELEASING = YES;
				CLANG_WARN_BOOL_CONVERSION = YES;
				CLANG_WARN_COMMA = YES;
				CLANG_WARN_CONSTANT_CONVERSION = YES;
				CLANG_WARN_DEPRECATED_OBJC_IMPLEMENTATIONS = YES;
				CLANG_WARN_DIRECT_OBJC_ISA_USAGE = YES_ERROR;
				CLANG_WARN_DOCUMENTATION_COMMENTS = YES;
				CLANG_WARN_EMPTY_BODY = YES;
				CLANG_WARN_ENUM_CONVERSION = YES;
				CLANG_WARN_INFINITE_RECURSION = YES;
				CLANG_WARN_INT_CONVERSION = YES;
				CLANG_WARN_NON_LITERAL_NULL_CONVERSION = YES;
				CLANG_WARN_OBJC_IMPLICIT_RETAIN_SELF = YES;
				CLANG_WARN_OBJC_LITERAL_CONVERSION = YES;
				CLANG_WARN_OBJC_ROOT_CLASS = YES_ERROR;
				CLANG_WARN_RANGE_LOOP_ANALYSIS = YES;
				CLANG_WARN_STRICT_PROTOTYPES = YES;
				CLANG_WARN_SUSPICIOUS_MOVE = YES;
				CLANG_WARN_UNGUARDED_AVAILABILITY = YES_AGGRESSIVE;
				CLANG_WARN_UNREACHABLE_CODE = YES;
				CLANG_WARN__DUPLICATE_METHOD_MATCH = YES;
				COPY_PHASE_STRIP = NO;
				DEBUG_INFORMATION_FORMAT = dwarf;
				ENABLE_STRICT_OBJC_MSGSEND = YES;
				ENABLE_TESTABILITY = YES;
				GCC_C_LANGUAGE_STANDARD = gnu11;
				GCC_DYNAMIC_NO_PIC = NO;
				GCC_NO_COMMON_BLOCKS = YES;
				GCC_OPTIMIZATION_LEVEL = 0;
				GCC_PREPROCESSOR_DEFINITIONS = (
					"DEBUG=1",
					"$(inherited)",
				);
				GCC_WARN_64_TO_32_BIT_CONVERSION = YES;
				GCC_WARN_ABOUT_RETURN_TYPE = YES_ERROR;
				GCC_WARN_UNDECLARED_SELECTOR = YES;
				GCC_WARN_UNINITIALIZED_AUTOS = YES_AGGRESSIVE;
				GCC_WARN_UNUSED_FUNCTION = YES;
				GCC_WARN_UNUSED_VARIABLE = YES;
				IPHONEOS_DEPLOYMENT_TARGET = 13.1;
				MTL_ENABLE_DEBUG_INFO = INCLUDE_SOURCE;
				MTL_FAST_MATH = YES;
				ONLY_ACTIVE_ARCH = YES;
				SDKROOT = iphoneos;
				SWIFT_ACTIVE_COMPILATION_CONDITIONS = DEBUG;
				SWIFT_OPTIMIZATION_LEVEL = "-Onone";
			};
			name = Debug;
		};
		FA7E2C0523BCDA4500B6EC8F /* Release */ = {
			isa = XCBuildConfiguration;
			buildSettings = {
				ALWAYS_SEARCH_USER_PATHS = NO;
				CLANG_ANALYZER_NONNULL = YES;
				CLANG_ANALYZER_NUMBER_OBJECT_CONVERSION = YES_AGGRESSIVE;
				CLANG_CXX_LANGUAGE_STANDARD = "gnu++14";
				CLANG_CXX_LIBRARY = "libc++";
				CLANG_ENABLE_MODULES = YES;
				CLANG_ENABLE_OBJC_ARC = YES;
				CLANG_ENABLE_OBJC_WEAK = YES;
				CLANG_WARN_BLOCK_CAPTURE_AUTORELEASING = YES;
				CLANG_WARN_BOOL_CONVERSION = YES;
				CLANG_WARN_COMMA = YES;
				CLANG_WARN_CONSTANT_CONVERSION = YES;
				CLANG_WARN_DEPRECATED_OBJC_IMPLEMENTATIONS = YES;
				CLANG_WARN_DIRECT_OBJC_ISA_USAGE = YES_ERROR;
				CLANG_WARN_DOCUMENTATION_COMMENTS = YES;
				CLANG_WARN_EMPTY_BODY = YES;
				CLANG_WARN_ENUM_CONVERSION = YES;
				CLANG_WARN_INFINITE_RECURSION = YES;
				CLANG_WARN_INT_CONVERSION = YES;
				CLANG_WARN_NON_LITERAL_NULL_CONVERSION = YES;
				CLANG_WARN_OBJC_IMPLICIT_RETAIN_SELF = YES;
				CLANG_WARN_OBJC_LITERAL_CONVERSION = YES;
				CLANG_WARN_OBJC_ROOT_CLASS = YES_ERROR;
				CLANG_WARN_RANGE_LOOP_ANALYSIS = YES;
				CLANG_WARN_STRICT_PROTOTYPES = YES;
				CLANG_WARN_SUSPICIOUS_MOVE = YES;
				CLANG_WARN_UNGUARDED_AVAILABILITY = YES_AGGRESSIVE;
				CLANG_WARN_UNREACHABLE_CODE = YES;
				CLANG_WARN__DUPLICATE_METHOD_MATCH = YES;
				COPY_PHASE_STRIP = NO;
				DEBUG_INFORMATION_FORMAT = "dwarf-with-dsym";
				ENABLE_NS_ASSERTIONS = NO;
				ENABLE_STRICT_OBJC_MSGSEND = YES;
				GCC_C_LANGUAGE_STANDARD = gnu11;
				GCC_NO_COMMON_BLOCKS = YES;
				GCC_WARN_64_TO_32_BIT_CONVERSION = YES;
				GCC_WARN_ABOUT_RETURN_TYPE = YES_ERROR;
				GCC_WARN_UNDECLARED_SELECTOR = YES;
				GCC_WARN_UNINITIALIZED_AUTOS = YES_AGGRESSIVE;
				GCC_WARN_UNUSED_FUNCTION = YES;
				GCC_WARN_UNUSED_VARIABLE = YES;
				IPHONEOS_DEPLOYMENT_TARGET = 13.1;
				MTL_ENABLE_DEBUG_INFO = NO;
				MTL_FAST_MATH = YES;
				SDKROOT = iphoneos;
				SWIFT_COMPILATION_MODE = wholemodule;
				SWIFT_OPTIMIZATION_LEVEL = "-O";
				VALIDATE_PRODUCT = YES;
			};
			name = Release;
		};
		FA7E2C0723BCDA4500B6EC8F /* Debug */ = {
			isa = XCBuildConfiguration;
			baseConfigurationReference = 8810EDF0386225D3C654B35B /* Pods-ChatRoom.debug.xcconfig */;
			buildSettings = {
				ASSETCATALOG_COMPILER_APPICON_NAME = AppIcon;
				CODE_SIGN_STYLE = Automatic;
				DEVELOPMENT_TEAM = CWCTLCYKBW;
				INFOPLIST_FILE = ChatRoom/Info.plist;
				LD_RUNPATH_SEARCH_PATHS = (
					"$(inherited)",
					"@executable_path/Frameworks",
				);
				PRODUCT_BUNDLE_IDENTIFIER = Alex.ChatRoom;
				PRODUCT_NAME = "$(TARGET_NAME)";
				SWIFT_VERSION = 5.0;
				TARGETED_DEVICE_FAMILY = "1,2";
			};
			name = Debug;
		};
		FA7E2C0823BCDA4500B6EC8F /* Release */ = {
			isa = XCBuildConfiguration;
			baseConfigurationReference = 9D357B6011848AFF7CA1DE4D /* Pods-ChatRoom.release.xcconfig */;
			buildSettings = {
				ASSETCATALOG_COMPILER_APPICON_NAME = AppIcon;
				CODE_SIGN_STYLE = Automatic;
				DEVELOPMENT_TEAM = CWCTLCYKBW;
				INFOPLIST_FILE = ChatRoom/Info.plist;
				LD_RUNPATH_SEARCH_PATHS = (
					"$(inherited)",
					"@executable_path/Frameworks",
				);
				PRODUCT_BUNDLE_IDENTIFIER = Alex.ChatRoom;
				PRODUCT_NAME = "$(TARGET_NAME)";
				SWIFT_VERSION = 5.0;
				TARGETED_DEVICE_FAMILY = "1,2";
			};
			name = Release;
		};
/* End XCBuildConfiguration section */

/* Begin XCConfigurationList section */
		FA7E2BEA23BCDA4300B6EC8F /* Build configuration list for PBXProject "ChatRoom" */ = {
			isa = XCConfigurationList;
			buildConfigurations = (
				FA7E2C0423BCDA4500B6EC8F /* Debug */,
				FA7E2C0523BCDA4500B6EC8F /* Release */,
			);
			defaultConfigurationIsVisible = 0;
			defaultConfigurationName = Release;
		};
		FA7E2C0623BCDA4500B6EC8F /* Build configuration list for PBXNativeTarget "ChatRoom" */ = {
			isa = XCConfigurationList;
			buildConfigurations = (
				FA7E2C0723BCDA4500B6EC8F /* Debug */,
				FA7E2C0823BCDA4500B6EC8F /* Release */,
			);
			defaultConfigurationIsVisible = 0;
			defaultConfigurationName = Release;
		};
/* End XCConfigurationList section */

/* Begin XCVersionGroup section */
		FA7E2BFB23BCDA4300B6EC8F /* ChatRoom.xcdatamodeld */ = {
			isa = XCVersionGroup;
			children = (
				FA7E2BFC23BCDA4300B6EC8F /* ChatRoom.xcdatamodel */,
			);
			currentVersion = FA7E2BFC23BCDA4300B6EC8F /* ChatRoom.xcdatamodel */;
			path = ChatRoom.xcdatamodeld;
			sourceTree = "<group>";
			versionGroupType = wrapper.xcdatamodel;
		};
/* End XCVersionGroup section */
	};
	rootObject = FA7E2BE723BCDA4300B6EC8F /* Project object */;
}
